// !$*UTF8*$!
{
	archiveVersion = 1;
	classes = {
	};
	objectVersion = 50;
	objects = {

/* Begin PBXBuildFile section */
		E9DC228D2501284D0042450C /* AppDelegate.swift in Sources */ = {isa = PBXBuildFile; fileRef = E9DC228C2501284D0042450C /* AppDelegate.swift */; };
		E9DC228F2501284D0042450C /* SceneDelegate.swift in Sources */ = {isa = PBXBuildFile; fileRef = E9DC228E2501284D0042450C /* SceneDelegate.swift */; };
		E9DC22912501284D0042450C /* ViewController.swift in Sources */ = {isa = PBXBuildFile; fileRef = E9DC22902501284D0042450C /* ViewController.swift */; };
		E9DC22942501284D0042450C /* Main.storyboard in Resources */ = {isa = PBXBuildFile; fileRef = E9DC22922501284D0042450C /* Main.storyboard */; };
		E9DC2296250128610042450C /* Assets.xcassets in Resources */ = {isa = PBXBuildFile; fileRef = E9DC2295250128610042450C /* Assets.xcassets */; };
		E9DC2299250128610042450C /* LaunchScreen.storyboard in Resources */ = {isa = PBXBuildFile; fileRef = E9DC2297250128610042450C /* LaunchScreen.storyboard */; };
		E9DC22A125014C510042450C /* SingleCellView.swift in Sources */ = {isa = PBXBuildFile; fileRef = E9DC22A025014C510042450C /* SingleCellView.swift */; };
		E9DC22A5250507F50042450C /* SearchBarView.swift in Sources */ = {isa = PBXBuildFile; fileRef = E9DC22A4250507F40042450C /* SearchBarView.swift */; };
		E9DC22A725067FBD0042450C /* DetailViewController.swift in Sources */ = {isa = PBXBuildFile; fileRef = E9DC22A625067FBC0042450C /* DetailViewController.swift */; };
		E9DC22A92506806B0042450C /* StoreItem.swift in Sources */ = {isa = PBXBuildFile; fileRef = E9DC22A82506806B0042450C /* StoreItem.swift */; };
		E9DC22AB2507A20D0042450C /* TableViewCell.swift in Sources */ = {isa = PBXBuildFile; fileRef = E9DC22AA2507A20C0042450C /* TableViewCell.swift */; };
/* End PBXBuildFile section */

/* Begin PBXFileReference section */
		E9DC22892501284D0042450C /* MusicSearch.app */ = {isa = PBXFileReference; explicitFileType = wrapper.application; includeInIndex = 0; path = MusicSearch.app; sourceTree = BUILT_PRODUCTS_DIR; };
		E9DC228C2501284D0042450C /* AppDelegate.swift */ = {isa = PBXFileReference; lastKnownFileType = sourcecode.swift; path = AppDelegate.swift; sourceTree = "<group>"; };
		E9DC228E2501284D0042450C /* SceneDelegate.swift */ = {isa = PBXFileReference; lastKnownFileType = sourcecode.swift; path = SceneDelegate.swift; sourceTree = "<group>"; };
		E9DC22902501284D0042450C /* ViewController.swift */ = {isa = PBXFileReference; lastKnownFileType = sourcecode.swift; path = ViewController.swift; sourceTree = "<group>"; };
		E9DC22932501284D0042450C /* Base */ = {isa = PBXFileReference; lastKnownFileType = file.storyboard; name = Base; path = Base.lproj/Main.storyboard; sourceTree = "<group>"; };
		E9DC2295250128610042450C /* Assets.xcassets */ = {isa = PBXFileReference; lastKnownFileType = folder.assetcatalog; path = Assets.xcassets; sourceTree = "<group>"; };
		E9DC2298250128610042450C /* Base */ = {isa = PBXFileReference; lastKnownFileType = file.storyboard; name = Base; path = Base.lproj/LaunchScreen.storyboard; sourceTree = "<group>"; };
		E9DC229A250128610042450C /* Info.plist */ = {isa = PBXFileReference; lastKnownFileType = text.plist.xml; path = Info.plist; sourceTree = "<group>"; };
		E9DC22A025014C510042450C /* SingleCellView.swift */ = {isa = PBXFileReference; lastKnownFileType = sourcecode.swift; path = SingleCellView.swift; sourceTree = "<group>"; };
		E9DC22A4250507F40042450C /* SearchBarView.swift */ = {isa = PBXFileReference; lastKnownFileType = sourcecode.swift; path = SearchBarView.swift; sourceTree = "<group>"; };
		E9DC22A625067FBC0042450C /* DetailViewController.swift */ = {isa = PBXFileReference; lastKnownFileType = sourcecode.swift; path = DetailViewController.swift; sourceTree = "<group>"; };
		E9DC22A82506806B0042450C /* StoreItem.swift */ = {isa = PBXFileReference; lastKnownFileType = sourcecode.swift; path = StoreItem.swift; sourceTree = "<group>"; };
		E9DC22AA2507A20C0042450C /* TableViewCell.swift */ = {isa = PBXFileReference; lastKnownFileType = sourcecode.swift; path = TableViewCell.swift; sourceTree = "<group>"; };
/* End PBXFileReference section */

/* Begin PBXFrameworksBuildPhase section */
		E9DC22862501284D0042450C /* Frameworks */ = {
			isa = PBXFrameworksBuildPhase;
			buildActionMask = 2147483647;
			files = (
			);
			runOnlyForDeploymentPostprocessing = 0;
		};
/* End PBXFrameworksBuildPhase section */

/* Begin PBXGroup section */
		E9DC22802501284C0042450C = {
			isa = PBXGroup;
			children = (
				E9DC228B2501284D0042450C /* MusicSearch */,
				E9DC228A2501284D0042450C /* Products */,
			);
			sourceTree = "<group>";
		};
		E9DC228A2501284D0042450C /* Products */ = {
			isa = PBXGroup;
			children = (
				E9DC22892501284D0042450C /* MusicSearch.app */,
			);
			name = Products;
			sourceTree = "<group>";
		};
		E9DC228B2501284D0042450C /* MusicSearch */ = {
			isa = PBXGroup;
			children = (
				E9DC228C2501284D0042450C /* AppDelegate.swift */,
				E9DC22A025014C510042450C /* SingleCellView.swift */,
				E9DC228E2501284D0042450C /* SceneDelegate.swift */,
				E9DC22902501284D0042450C /* ViewController.swift */,
				E9DC22922501284D0042450C /* Main.storyboard */,
				E9DC2295250128610042450C /* Assets.xcassets */,
				E9DC2297250128610042450C /* LaunchScreen.storyboard */,
				E9DC229A250128610042450C /* Info.plist */,
				E9DC22A4250507F40042450C /* SearchBarView.swift */,
				E9DC22A625067FBC0042450C /* DetailViewController.swift */,
				E9DC22A82506806B0042450C /* StoreItem.swift */,
				E9DC22AA2507A20C0042450C /* TableViewCell.swift */,
			);
			path = MusicSearch;
			sourceTree = "<group>";
		};
/* End PBXGroup section */

/* Begin PBXNativeTarget section */
		E9DC22882501284D0042450C /* MusicSearch */ = {
			isa = PBXNativeTarget;
			buildConfigurationList = E9DC229D250128610042450C /* Build configuration list for PBXNativeTarget "MusicSearch" */;
			buildPhases = (
				E9DC22852501284D0042450C /* Sources */,
				E9DC22862501284D0042450C /* Frameworks */,
				E9DC22872501284D0042450C /* Resources */,
			);
			buildRules = (
			);
			dependencies = (
			);
			name = MusicSearch;
			productName = MusicSearch;
			productReference = E9DC22892501284D0042450C /* MusicSearch.app */;
			productType = "com.apple.product-type.application";
		};
/* End PBXNativeTarget section */

/* Begin PBXProject section */
		E9DC22812501284D0042450C /* Project object */ = {
			isa = PBXProject;
			attributes = {
				LastSwiftUpdateCheck = 1160;
				LastUpgradeCheck = 1160;
				ORGANIZATIONNAME = "Павел";
				TargetAttributes = {
					E9DC22882501284D0042450C = {
						CreatedOnToolsVersion = 11.6;
					};
				};
			};
			buildConfigurationList = E9DC22842501284D0042450C /* Build configuration list for PBXProject "MusicSearch" */;
			compatibilityVersion = "Xcode 9.3";
			developmentRegion = en;
			hasScannedForEncodings = 0;
			knownRegions = (
				en,
				Base,
			);
			mainGroup = E9DC22802501284C0042450C;
			productRefGroup = E9DC228A2501284D0042450C /* Products */;
			projectDirPath = "";
			projectRoot = "";
			targets = (
				E9DC22882501284D0042450C /* MusicSearch */,
			);
		};
/* End PBXProject section */

/* Begin PBXResourcesBuildPhase section */
		E9DC22872501284D0042450C /* Resources */ = {
			isa = PBXResourcesBuildPhase;
			buildActionMask = 2147483647;
			files = (
				E9DC2299250128610042450C /* LaunchScreen.storyboard in Resources */,
				E9DC2296250128610042450C /* Assets.xcassets in Resources */,
				E9DC22942501284D0042450C /* Main.storyboard in Resources */,
			);
			runOnlyForDeploymentPostprocessing = 0;
		};
/* End PBXResourcesBuildPhase section */

/* Begin PBXSourcesBuildPhase section */
		E9DC22852501284D0042450C /* Sources */ = {
			isa = PBXSourcesBuildPhase;
			buildActionMask = 2147483647;
			files = (
				E9DC22A5250507F50042450C /* SearchBarView.swift in Sources */,
				E9DC22AB2507A20D0042450C /* TableViewCell.swift in Sources */,
				E9DC22A125014C510042450C /* SingleCellView.swift in Sources */,
				E9DC22912501284D0042450C /* ViewController.swift in Sources */,
				E9DC22A92506806B0042450C /* StoreItem.swift in Sources */,
				E9DC22A725067FBD0042450C /* DetailViewController.swift in Sources */,
				E9DC228D2501284D0042450C /* AppDelegate.swift in Sources */,
				E9DC228F2501284D0042450C /* SceneDelegate.swift in Sources */,
			);
			runOnlyForDeploymentPostprocessing = 0;
		};
/* End PBXSourcesBuildPhase section */

/* Begin PBXVariantGroup section */
		E9DC22922501284D0042450C /* Main.storyboard */ = {
			isa = PBXVariantGroup;
			children = (
				E9DC22932501284D0042450C /* Base */,
			);
			name = Main.storyboard;
			sourceTree = "<group>";
		};
		E9DC2297250128610042450C /* LaunchScreen.storyboard */ = {
			isa = PBXVariantGroup;
			children = (
				E9DC2298250128610042450C /* Base */,
			);
			name = LaunchScreen.storyboard;
			sourceTree = "<group>";
		};
/* End PBXVariantGroup section */

/* Begin XCBuildConfiguration section */
		E9DC229B250128610042450C /* Debug */ = {
			isa = XCBuildConfiguration;
			buildSettings = {
				ALWAYS_SEARCH_USER_PATHS = NO;
				CLANG_ANALYZER_NONNULL = YES;
				CLANG_ANALYZER_NUMBER_OBJECT_CONVERSION = YES_AGGRESSIVE;
				CLANG_CXX_LANGUAGE_STANDARD = "gnu++14";
				CLANG_CXX_LIBRARY = "libc++";
				CLANG_ENABLE_MODULES = YES;
				CLANG_ENABLE_OBJC_ARC = YES;
				CLANG_ENABLE_OBJC_WEAK = YES;
				CLANG_WARN_BLOCK_CAPTURE_AUTORELEASING = YES;
				CLANG_WARN_BOOL_CONVERSION = YES;
				CLANG_WARN_COMMA = YES;
				CLANG_WARN_CONSTANT_CONVERSION = YES;
				CLANG_WARN_DEPRECATED_OBJC_IMPLEMENTATIONS = YES;
				CLANG_WARN_DIRECT_OBJC_ISA_USAGE = YES_ERROR;
				CLANG_WARN_DOCUMENTATION_COMMENTS = YES;
				CLANG_WARN_EMPTY_BODY = YES;
				CLANG_WARN_ENUM_CONVERSION = YES;
				CLANG_WARN_INFINITE_RECURSION = YES;
				CLANG_WARN_INT_CONVERSION = YES;
				CLANG_WARN_NON_LITERAL_NULL_CONVERSION = YES;
				CLANG_WARN_OBJC_IMPLICIT_RETAIN_SELF = YES;
				CLANG_WARN_OBJC_LITERAL_CONVERSION = YES;
				CLANG_WARN_OBJC_ROOT_CLASS = YES_ERROR;
				CLANG_WARN_RANGE_LOOP_ANALYSIS = YES;
				CLANG_WARN_STRICT_PROTOTYPES = YES;
				CLANG_WARN_SUSPICIOUS_MOVE = YES;
				CLANG_WARN_UNGUARDED_AVAILABILITY = YES_AGGRESSIVE;
				CLANG_WARN_UNREACHABLE_CODE = YES;
				CLANG_WARN__DUPLICATE_METHOD_MATCH = YES;
				COPY_PHASE_STRIP = NO;
				DEBUG_INFORMATION_FORMAT = dwarf;
				ENABLE_STRICT_OBJC_MSGSEND = YES;
				ENABLE_TESTABILITY = YES;
				GCC_C_LANGUAGE_STANDARD = gnu11;
				GCC_DYNAMIC_NO_PIC = NO;
				GCC_NO_COMMON_BLOCKS = YES;
				GCC_OPTIMIZATION_LEVEL = 0;
				GCC_PREPROCESSOR_DEFINITIONS = (
					"DEBUG=1",
					"$(inherited)",
				);
				GCC_WARN_64_TO_32_BIT_CONVERSION = YES;
				GCC_WARN_ABOUT_RETURN_TYPE = YES_ERROR;
				GCC_WARN_UNDECLARED_SELECTOR = YES;
				GCC_WARN_UNINITIALIZED_AUTOS = YES_AGGRESSIVE;
				GCC_WARN_UNUSED_FUNCTION = YES;
				GCC_WARN_UNUSED_VARIABLE = YES;
				IPHONEOS_DEPLOYMENT_TARGET = 13.6;
				MTL_ENABLE_DEBUG_INFO = INCLUDE_SOURCE;
				MTL_FAST_MATH = YES;
				ONLY_ACTIVE_ARCH = YES;
				SDKROOT = iphoneos;
				SWIFT_ACTIVE_COMPILATION_CONDITIONS = DEBUG;
				SWIFT_OPTIMIZATION_LEVEL = "-Onone";
			};
			name = Debug;
		};
		E9DC229C250128610042450C /* Release */ = {
			isa = XCBuildConfiguration;
			buildSettings = {
				ALWAYS_SEARCH_USER_PATHS = NO;
				CLANG_ANALYZER_NONNULL = YES;
				CLANG_ANALYZER_NUMBER_OBJECT_CONVERSION = YES_AGGRESSIVE;
				CLANG_CXX_LANGUAGE_STANDARD = "gnu++14";
				CLANG_CXX_LIBRARY = "libc++";
				CLANG_ENABLE_MODULES = YES;
				CLANG_ENABLE_OBJC_ARC = YES;
				CLANG_ENABLE_OBJC_WEAK = YES;
				CLANG_WARN_BLOCK_CAPTURE_AUTORELEASING = YES;
				CLANG_WARN_BOOL_CONVERSION = YES;
				CLANG_WARN_COMMA = YES;
				CLANG_WARN_CONSTANT_CONVERSION = YES;
				CLANG_WARN_DEPRECATED_OBJC_IMPLEMENTATIONS = YES;
				CLANG_WARN_DIRECT_OBJC_ISA_USAGE = YES_ERROR;
				CLANG_WARN_DOCUMENTATION_COMMENTS = YES;
				CLANG_WARN_EMPTY_BODY = YES;
				CLANG_WARN_ENUM_CONVERSION = YES;
				CLANG_WARN_INFINITE_RECURSION = YES;
				CLANG_WARN_INT_CONVERSION = YES;
				CLANG_WARN_NON_LITERAL_NULL_CONVERSION = YES;
				CLANG_WARN_OBJC_IMPLICIT_RETAIN_SELF = YES;
				CLANG_WARN_OBJC_LITERAL_CONVERSION = YES;
				CLANG_WARN_OBJC_ROOT_CLASS = YES_ERROR;
				CLANG_WARN_RANGE_LOOP_ANALYSIS = YES;
				CLANG_WARN_STRICT_PROTOTYPES = YES;
				CLANG_WARN_SUSPICIOUS_MOVE = YES;
				CLANG_WARN_UNGUARDED_AVAILABILITY = YES_AGGRESSIVE;
				CLANG_WARN_UNREACHABLE_CODE = YES;
				CLANG_WARN__DUPLICATE_METHOD_MATCH = YES;
				COPY_PHASE_STRIP = NO;
				DEBUG_INFORMATION_FORMAT = "dwarf-with-dsym";
				ENABLE_NS_ASSERTIONS = NO;
				ENABLE_STRICT_OBJC_MSGSEND = YES;
				GCC_C_LANGUAGE_STANDARD = gnu11;
				GCC_NO_COMMON_BLOCKS = YES;
				GCC_WARN_64_TO_32_BIT_CONVERSION = YES;
				GCC_WARN_ABOUT_RETURN_TYPE = YES_ERROR;
				GCC_WARN_UNDECLARED_SELECTOR = YES;
				GCC_WARN_UNINITIALIZED_AUTOS = YES_AGGRESSIVE;
				GCC_WARN_UNUSED_FUNCTION = YES;
				GCC_WARN_UNUSED_VARIABLE = YES;
				IPHONEOS_DEPLOYMENT_TARGET = 13.6;
				MTL_ENABLE_DEBUG_INFO = NO;
				MTL_FAST_MATH = YES;
				SDKROOT = iphoneos;
				SWIFT_COMPILATION_MODE = wholemodule;
				SWIFT_OPTIMIZATION_LEVEL = "-O";
				VALIDATE_PRODUCT = YES;
			};
			name = Release;
		};
		E9DC229E250128610042450C /* Debug */ = {
			isa = XCBuildConfiguration;
			buildSettings = {
				ASSETCATALOG_COMPILER_APPICON_NAME = AppIcon;
				CODE_SIGN_STYLE = Automatic;
				DEVELOPMENT_TEAM = 8GJUGP3GHS;
				INFOPLIST_FILE = MusicSearch/Info.plist;
				LD_RUNPATH_SEARCH_PATHS = (
					"$(inherited)",
					"@executable_path/Frameworks",
				);
				PRODUCT_BUNDLE_IDENTIFIER = pavel.MusicSearch;
				PRODUCT_NAME = "$(TARGET_NAME)";
				SWIFT_VERSION = 5.0;
				TARGETED_DEVICE_FAMILY = "1,2";
			};
			name = Debug;
		};
		E9DC229F250128610042450C /* Release */ = {
			isa = XCBuildConfiguration;
			buildSettings = {
				ASSETCATALOG_COMPILER_APPICON_NAME = AppIcon;
				CODE_SIGN_STYLE = Automatic;
				DEVELOPMENT_TEAM = 8GJUGP3GHS;
				INFOPLIST_FILE = MusicSearch/Info.plist;
				LD_RUNPATH_SEARCH_PATHS = (
					"$(inherited)",
					"@executable_path/Frameworks",
				);
				PRODUCT_BUNDLE_IDENTIFIER = pavel.MusicSearch;
				PRODUCT_NAME = "$(TARGET_NAME)";
				SWIFT_VERSION = 5.0;
				TARGETED_DEVICE_FAMILY = "1,2";
			};
			name = Release;
		};
/* End XCBuildConfiguration section */

/* Begin XCConfigurationList section */
		E9DC22842501284D0042450C /* Build configuration list for PBXProject "MusicSearch" */ = {
			isa = XCConfigurationList;
			buildConfigurations = (
				E9DC229B250128610042450C /* Debug */,
				E9DC229C250128610042450C /* Release */,
			);
			defaultConfigurationIsVisible = 0;
			defaultConfigurationName = Release;
		};
		E9DC229D250128610042450C /* Build configuration list for PBXNativeTarget "MusicSearch" */ = {
			isa = XCConfigurationList;
			buildConfigurations = (
				E9DC229E250128610042450C /* Debug */,
				E9DC229F250128610042450C /* Release */,
			);
			defaultConfigurationIsVisible = 0;
			defaultConfigurationName = Release;
		};
/* End XCConfigurationList section */
	};
	rootObject = E9DC22812501284D0042450C /* Project object */;
}
